{
  "nodes": {
    "nixpkgs": {
      "locked": {
        "lastModified": 1773579282,
        "narHash": "sha256-LWvZj9Bvm1EuoO6zbX4yjZebwnZNfeTbmCJGS7RGQ3Y=",
        "owner": "NixOS",
        "repo": "nixpkgs",
        "rev": "5a88de74db0e948139be4b46f9a94d64aa11391c",
        "type": "github"
      },
      "original": {
        "owner": "NixOS",
        "ref": "nixos-unstable",
        "repo": "nixpkgs",
        "type": "github"
      }
    },
    "qmk-firmware": {
      "flake": false,
      "locked": {
        "lastModified": 1774583813,
        "narHash": "sha256-jMx5zOe+IaCIAZTsGSg+sAPEraEw7ZHU7a1aGvuvPdA=",
        "ref": "master",
        "rev": "c7fde3d8cc9dcff90559eced829bbac07bb54d8a",
        "revCount": 29396,
        "submodules": true,
        "type": "git",
        "url": "https://github.com/qmk/qmk_firmware"
      },
      "original": {
        "ref": "master",
        "submodules": true,
        "type": "git",
        "url": "https://github.com/qmk/qmk_firmware"
      }
    },
    "root": {
      "inputs": {
        "nixpkgs": "nixpkgs",
        "qmk-firmware": "qmk-firmware"
      }
    }
  },
  "root": "root",
  "version": 7
}
